
Microsoft Visual Studio Solution File, Format Version 12.00
# Visual Studio 14
VisualStudioVersion = 14.0.25420.1
MinimumVisualStudioVersion = 10.0.40219.1
Project("{00D1A9C2-B5F0-4AF3-8072-F6C62B433612}") = "CentralOfficeDB", "CursWorkDB\CentralOfficeDB.sqlproj", "{D0207D18-8D19-4527-ACA3-EF82FFD14262}"
EndProject
Project("{00D1A9C2-B5F0-4AF3-8072-F6C62B433612}") = "MetaDataBase", "MetaDataBase\MetaDataBase.sqlproj", "{8FD59588-30AB-4F75-8DF9-D3BD3491C069}"
EndProject
Global
	GlobalSection(SolutionConfigurationPlatforms) = preSolution
		Debug|Any CPU = Debug|Any CPU
		Release|Any CPU = Release|Any CPU
	EndGlobalSection
	GlobalSection(ProjectConfigurationPlatforms) = postSolution
		{D0207D18-8D19-4527-ACA3-EF82FFD14262}.Debug|Any CPU.ActiveCfg = Debug|Any CPU
		{D0207D18-8D19-4527-ACA3-EF82FFD14262}.Debug|Any CPU.Build.0 = Debug|Any CPU
		{D0207D18-8D19-4527-ACA3-EF82FFD14262}.Debug|Any CPU.Deploy.0 = Debug|Any CPU
		{D0207D18-8D19-4527-ACA3-EF82FFD14262}.Release|Any CPU.ActiveCfg = Release|Any CPU
		{D0207D18-8D19-4527-ACA3-EF82FFD14262}.Release|Any CPU.Build.0 = Release|Any CPU
		{D0207D18-8D19-4527-ACA3-EF82FFD14262}.Release|Any CPU.Deploy.0 = Release|Any CPU
		{8FD59588-30AB-4F75-8DF9-D3BD3491C069}.Debug|Any CPU.ActiveCfg = Debug|Any CPU
		{8FD59588-30AB-4F75-8DF9-D3BD3491C069}.Debug|Any CPU.Build.0 = Debug|Any CPU
		{8FD59588-30AB-4F75-8DF9-D3BD3491C069}.Debug|Any CPU.Deploy.0 = Debug|Any CPU
		{8FD59588-30AB-4F75-8DF9-D3BD3491C069}.Release|Any CPU.ActiveCfg = Release|Any CPU
		{8FD59588-30AB-4F75-8DF9-D3BD3491C069}.Release|Any CPU.Build.0 = Release|Any CPU
		{8FD59588-30AB-4F75-8DF9-D3BD3491C069}.Release|Any CPU.Deploy.0 = Release|Any CPU
	EndGlobalSection
	GlobalSection(SolutionProperties) = preSolution
		HideSolutionNode = FALSE
	EndGlobalSection
EndGlobal
